
Microsoft Visual Studio Solution File, Format Version 12.00
# Visual Studio Version 16
VisualStudioVersion = 16.0.32228.343
MinimumVisualStudioVersion = 10.0.40219.1
Project("{FAE04EC0-301F-11D3-BF4B-00C04F79EFBC}") = "PeerGrade7", "PeerGrade7\PeerGrade7.csproj", "{F3B098A4-FF96-4B04-824F-400C5E27E6FE}"
EndProject
Global
	GlobalSection(SolutionConfigurationPlatforms) = preSolution
		Debug|Any CPU = Debug|Any CPU
		Release|Any CPU = Release|Any CPU
	EndGlobalSection
	GlobalSection(ProjectConfigurationPlatforms) = postSolution
		{F3B098A4-FF96-4B04-824F-400C5E27E6FE}.Debug|Any CPU.ActiveCfg = Debug|Any CPU
		{F3B098A4-FF96-4B04-824F-400C5E27E6FE}.Debug|Any CPU.Build.0 = Debug|Any CPU
		{F3B098A4-FF96-4B04-824F-400C5E27E6FE}.Release|Any CPU.ActiveCfg = Release|Any CPU
		{F3B098A4-FF96-4B04-824F-400C5E27E6FE}.Release|Any CPU.Build.0 = Release|Any CPU
	EndGlobalSection
	GlobalSection(SolutionProperties) = preSolution
		HideSolutionNode = FALSE
	EndGlobalSection
	GlobalSection(ExtensibilityGlobals) = postSolution
		SolutionGuid = {4271AEAC-F275-493A-B6F6-CC18370B548E}
	EndGlobalSection
EndGlobal
